
Microsoft Visual Studio Solution File, Format Version 12.00
# Visual Studio Version 17
VisualStudioVersion = 17.11.35222.181
MinimumVisualStudioVersion = 10.0.40219.1
Project("{FAE04EC0-301F-11D3-BF4B-00C04F79EFBC}") = "Laba №2", "Laba №2\Laba №2.csproj", "{5A1941B6-991A-46E9-B4EC-2647480396AB}"
EndProject
Global
	GlobalSection(SolutionConfigurationPlatforms) = preSolution
		Debug|Any CPU = Debug|Any CPU
		Release|Any CPU = Release|Any CPU
	EndGlobalSection
	GlobalSection(ProjectConfigurationPlatforms) = postSolution
		{5A1941B6-991A-46E9-B4EC-2647480396AB}.Debug|Any CPU.ActiveCfg = Debug|Any CPU
		{5A1941B6-991A-46E9-B4EC-2647480396AB}.Debug|Any CPU.Build.0 = Debug|Any CPU
		{5A1941B6-991A-46E9-B4EC-2647480396AB}.Release|Any CPU.ActiveCfg = Release|Any CPU
		{5A1941B6-991A-46E9-B4EC-2647480396AB}.Release|Any CPU.Build.0 = Release|Any CPU
	EndGlobalSection
	GlobalSection(SolutionProperties) = preSolution
		HideSolutionNode = FALSE
	EndGlobalSection
	GlobalSection(ExtensibilityGlobals) = postSolution
		SolutionGuid = {4ADB5334-2AF5-4E08-8A0F-F2301C4E6A91}
	EndGlobalSection
EndGlobal
